{
  "nodes": {
    "alacritty-theme": {
      "flake": false,
      "locked": {
        "lastModified": 1653502866,
        "narHash": "sha256-O3MTZExl4Obypv+z6g0HMceAJxRkl+E6XajJB7+MZdU=",
        "owner": "eendroroy",
        "repo": "alacritty-theme",
        "rev": "e8757f9a6537d74947ee7a8f390a627c01390563",
        "type": "github"
      },
      "original": {
        "owner": "eendroroy",
        "repo": "alacritty-theme",
        "type": "github"
      }
    },
    "autopair-fish": {
      "flake": false,
      "locked": {
        "lastModified": 1656950411,
        "narHash": "sha256-qt3t1iKRRNuiLWiVoiAYOu+9E7jsyECyIqZJ/oRIT1A=",
        "owner": "jorgebucaran",
        "repo": "autopair.fish",
        "rev": "4d1752ff5b39819ab58d7337c69220342e9de0e2",
        "type": "github"
      },
      "original": {
        "owner": "jorgebucaran",
        "repo": "autopair.fish",
        "type": "github"
      }
    },
    "cachix": {
      "locked": {
        "lastModified": 1656782578,
        "narHash": "sha256-1eMCBEqJplPotTo/SZ/t5HU6Sf2I8qKlZi9MX7jv9fw=",
        "owner": "nixos",
        "repo": "nixpkgs",
        "rev": "573603b7fdb9feb0eb8efc16ee18a015c667ab1b",
        "type": "github"
      },
      "original": {
        "owner": "nixos",
        "ref": "nixos-21.11",
        "repo": "nixpkgs",
        "type": "github"
      }
    },
    "declarative-cachix": {
      "locked": {
        "lastModified": 1644208524,
        "narHash": "sha256-BW43hqKBxNNMrgUnn6D53useE8f4/yz66bvCzwUbueQ=",
        "owner": "jonascarpay",
        "repo": "declarative-cachix",
        "rev": "b63e9cb0d0962656d08fb4668a5b6b1ba1ca5648",
        "type": "github"
      },
      "original": {
        "owner": "jonascarpay",
        "repo": "declarative-cachix",
        "type": "github"
      }
    },
    "emacs-overlay": {
      "inputs": {
        "flake-utils": "flake-utils",
        "nixpkgs": [
          "nixpkgs"
        ]
      },
      "locked": {
        "lastModified": 1657536849,
        "narHash": "sha256-xpKggtyxzs2bbs8NT5lPNv2engBn7v0yPgzHemf8Ga4=",
        "owner": "nix-community",
        "repo": "emacs-overlay",
        "rev": "4f95fe202c5e2c796adab52afff568b23ffadda2",
        "type": "github"
      },
      "original": {
        "owner": "nix-community",
        "repo": "emacs-overlay",
        "type": "github"
      }
    },
    "fish-docker-compose": {
      "flake": false,
      "locked": {
        "lastModified": 1554316850,
        "narHash": "sha256-VMBVLWCwW7/eXEedJrbcby0PjNWYe7MORR7hj+ZEmWg=",
        "owner": "brgmnn",
        "repo": "fish-docker-compose",
        "rev": "44a9a5ad593f05ac77e4c5024cfe4a8c55db31e3",
        "type": "github"
      },
      "original": {
        "owner": "brgmnn",
        "repo": "fish-docker-compose",
        "type": "github"
      }
    },
    "fish-ssh-agent": {
      "flake": false,
      "locked": {
        "lastModified": 1605087262,
        "narHash": "sha256-e94Sd1GSUAxwLVVo5yR6msq0jZLOn2m+JZJ6mvwQdLs=",
        "owner": "danhper",
        "repo": "fish-ssh-agent",
        "rev": "fd70a2afdd03caf9bf609746bf6b993b9e83be57",
        "type": "github"
      },
      "original": {
        "owner": "danhper",
        "repo": "fish-ssh-agent",
        "type": "github"
      }
    },
    "flake-compat": {
      "flake": false,
      "locked": {
        "lastModified": 1650374568,
        "narHash": "sha256-Z+s0J8/r907g149rllvwhb4pKi8Wam5ij0st8PwAh+E=",
        "owner": "edolstra",
        "repo": "flake-compat",
        "rev": "b4a34015c698c7793d592d66adbab377907a2be8",
        "type": "github"
      },
      "original": {
        "owner": "edolstra",
        "repo": "flake-compat",
        "type": "github"
      }
    },
    "flake-compat_2": {
      "flake": false,
      "locked": {
        "lastModified": 1650374568,
        "narHash": "sha256-Z+s0J8/r907g149rllvwhb4pKi8Wam5ij0st8PwAh+E=",
        "owner": "edolstra",
        "repo": "flake-compat",
        "rev": "b4a34015c698c7793d592d66adbab377907a2be8",
        "type": "github"
      },
      "original": {
        "owner": "edolstra",
        "repo": "flake-compat",
        "type": "github"
      }
    },
    "flake-compat_3": {
      "flake": false,
      "locked": {
        "lastModified": 1650374568,
        "narHash": "sha256-Z+s0J8/r907g149rllvwhb4pKi8Wam5ij0st8PwAh+E=",
        "owner": "edolstra",
        "repo": "flake-compat",
        "rev": "b4a34015c698c7793d592d66adbab377907a2be8",
        "type": "github"
      },
      "original": {
        "owner": "edolstra",
        "repo": "flake-compat",
        "type": "github"
      }
    },
    "flake-compat_4": {
      "flake": false,
      "locked": {
        "lastModified": 1650374568,
        "narHash": "sha256-Z+s0J8/r907g149rllvwhb4pKi8Wam5ij0st8PwAh+E=",
        "owner": "edolstra",
        "repo": "flake-compat",
        "rev": "b4a34015c698c7793d592d66adbab377907a2be8",
        "type": "github"
      },
      "original": {
        "owner": "edolstra",
        "repo": "flake-compat",
        "type": "github"
      }
    },
    "flake-utils": {
      "locked": {
        "lastModified": 1656928814,
        "narHash": "sha256-RIFfgBuKz6Hp89yRr7+NR5tzIAbn52h8vT6vXkYjZoM=",
        "owner": "numtide",
        "repo": "flake-utils",
        "rev": "7e2a3b3dfd9af950a856d66b0a7d01e3c18aa249",
        "type": "github"
      },
      "original": {
        "owner": "numtide",
        "repo": "flake-utils",
        "type": "github"
      }
    },
    "flake-utils_2": {
      "locked": {
        "lastModified": 1656928814,
        "narHash": "sha256-RIFfgBuKz6Hp89yRr7+NR5tzIAbn52h8vT6vXkYjZoM=",
        "owner": "numtide",
        "repo": "flake-utils",
        "rev": "7e2a3b3dfd9af950a856d66b0a7d01e3c18aa249",
        "type": "github"
      },
      "original": {
        "owner": "numtide",
        "repo": "flake-utils",
        "type": "github"
      }
    },
    "flake-utils_3": {
      "locked": {
        "lastModified": 1644229661,
        "narHash": "sha256-1YdnJAsNy69bpcjuoKdOYQX0YxZBiCYZo4Twxerqv7k=",
        "owner": "numtide",
        "repo": "flake-utils",
        "rev": "3cecb5b042f7f209c56ffd8371b2711a290ec797",
        "type": "github"
      },
      "original": {
        "owner": "numtide",
        "repo": "flake-utils",
        "type": "github"
      }
    },
    "flake-utils_4": {
      "locked": {
        "lastModified": 1653893745,
        "narHash": "sha256-0jntwV3Z8//YwuOjzhV2sgJJPt+HY6KhU7VZUL0fKZQ=",
        "owner": "numtide",
        "repo": "flake-utils",
        "rev": "1ed9fb1935d260de5fe1c2f7ee0ebaae17ed2fa1",
        "type": "github"
      },
      "original": {
        "owner": "numtide",
        "repo": "flake-utils",
        "type": "github"
      }
    },
    "flake-utils_5": {
      "locked": {
        "lastModified": 1656928814,
        "narHash": "sha256-RIFfgBuKz6Hp89yRr7+NR5tzIAbn52h8vT6vXkYjZoM=",
        "owner": "numtide",
        "repo": "flake-utils",
        "rev": "7e2a3b3dfd9af950a856d66b0a7d01e3c18aa249",
        "type": "github"
      },
      "original": {
        "owner": "numtide",
        "repo": "flake-utils",
        "type": "github"
      }
    },
    "fzf-fish": {
      "flake": false,
      "locked": {
        "lastModified": 1656699978,
        "narHash": "sha256-dwJ7dT3zPDSGMibau3RaRbgbVBksemASZ47K8CvecG4=",
        "owner": "PatrickF1",
        "repo": "fzf.fish",
        "rev": "a79dc7510d02f25360c2f30e50287abd0766a588",
        "type": "github"
      },
      "original": {
        "owner": "PatrickF1",
        "repo": "fzf.fish",
        "type": "github"
      }
    },
    "home-manager": {
      "inputs": {
        "nixpkgs": [
          "nixpkgs"
        ],
        "utils": "utils"
      },
      "locked": {
        "lastModified": 1657396086,
        "narHash": "sha256-4cQ6hEuewWoFkTBlu211JGxPQQ1Zyli8oEq1cu7cVeA=",
        "owner": "nix-community",
        "repo": "home-manager",
        "rev": "c645cc9f82c7753450d1fa4d1bc73b64960a9d7a",
        "type": "github"
      },
      "original": {
        "owner": "nix-community",
        "repo": "home-manager",
        "type": "github"
      }
    },
    "lib-aggregate": {
      "inputs": {
        "flake-utils": "flake-utils_5",
        "nixpkgs-lib": "nixpkgs-lib"
      },
      "locked": {
        "lastModified": 1656936732,
        "narHash": "sha256-Kw6MHsCwki62sVCJFh4xqpFp1ZwV5Lo7WPLVhfp25cQ=",
        "owner": "nix-community",
        "repo": "lib-aggregate",
        "rev": "0edeac05cbd82efa98aec36c0773d83592998f81",
        "type": "github"
      },
      "original": {
        "owner": "nix-community",
        "repo": "lib-aggregate",
        "type": "github"
      }
    },
    "neovim-flake": {
      "inputs": {
        "flake-utils": "flake-utils_3",
        "nixpkgs": [
          "neovim-nightly-overlay",
          "nixpkgs"
        ]
      },
      "locked": {
        "dir": "contrib",
        "lastModified": 1657466803,
        "narHash": "sha256-9WceMMKppZI/Z0bP0b7a+BzQIuieH8MNAk3wcmZAiVU=",
        "owner": "neovim",
        "repo": "neovim",
        "rev": "95c65a6b221fe6e1cf91e8322e7d7571dc511a71",
        "type": "github"
      },
      "original": {
        "dir": "contrib",
        "owner": "neovim",
        "repo": "neovim",
        "type": "github"
      }
    },
    "neovim-nightly-overlay": {
      "inputs": {
        "flake-compat": "flake-compat_2",
        "neovim-flake": "neovim-flake",
        "nixpkgs": [
          "nixpkgs"
        ]
      },
      "locked": {
        "lastModified": 1657527462,
        "narHash": "sha256-oK2maGETT52ES+J4bKUDgtq7kYHV4YZwF1tf8BKoNyA=",
        "owner": "nix-community",
        "repo": "neovim-nightly-overlay",
        "rev": "0058638e7ae87b399e7cad52b7734f199c2ffa7f",
        "type": "github"
      },
      "original": {
        "owner": "nix-community",
        "repo": "neovim-nightly-overlay",
        "type": "github"
      }
    },
    "nixos-wsl": {
      "inputs": {
        "flake-compat": "flake-compat_3",
        "flake-utils": "flake-utils_4",
        "nixpkgs": [
          "nixpkgs"
        ]
      },
      "locked": {
        "lastModified": 1657498132,
        "narHash": "sha256-WXWbDaobiH5AIagNOYULO5DHgOs/3FaU1HEdvAgOWoY=",
        "owner": "nix-community",
        "repo": "NixOS-WSL",
        "rev": "3b2ebb2cabf942e531928f652e4aa164fb0b4e55",
        "type": "github"
      },
      "original": {
        "owner": "nix-community",
        "repo": "NixOS-WSL",
        "type": "github"
      }
    },
    "nixpkgs": {
      "locked": {
        "lastModified": 1657447684,
        "narHash": "sha256-FCP9AuU1q6PE3vOeM5SFf58f/UKPBAsoSGDUGamNBbo=",
        "owner": "nixos",
        "repo": "nixpkgs",
        "rev": "5f43d8b088d3771274bcfb69d3c7435b1121ac88",
        "type": "github"
      },
      "original": {
        "owner": "nixos",
        "ref": "nixos-unstable",
        "repo": "nixpkgs",
        "type": "github"
      }
    },
    "nixpkgs-lib": {
      "locked": {
        "lastModified": 1656809537,
        "narHash": "sha256-pwXBYG3ThN4ccJjvcdNdonQ8Wyv0y/iYdnuesiFUY1U=",
        "owner": "nix-community",
        "repo": "nixpkgs.lib",
        "rev": "40e271f69106323734b55e2ba74f13bebde324c0",
        "type": "github"
      },
      "original": {
        "owner": "nix-community",
        "repo": "nixpkgs.lib",
        "type": "github"
      }
    },
    "nixpkgs-wayland": {
      "inputs": {
        "cachix": "cachix",
        "flake-compat": "flake-compat_4",
        "lib-aggregate": "lib-aggregate",
        "nixpkgs": [
          "nixpkgs"
        ]
      },
      "locked": {
        "lastModified": 1657385593,
        "narHash": "sha256-Y0mvXnPurtwOWuInBMVX7FPaGkuSfCYvBigc/H0vDsA=",
        "owner": "nix-community",
        "repo": "nixpkgs-wayland",
        "rev": "cea7dd5bcf1bdd0bd423b395698c7728fe007317",
        "type": "github"
      },
      "original": {
        "owner": "nix-community",
        "repo": "nixpkgs-wayland",
        "type": "github"
      }
    },
    "nnn": {
      "flake": false,
      "locked": {
        "lastModified": 1657545749,
        "narHash": "sha256-foOibpopFsu+hYGYm2gUBgvMBWG4kZ4JJhWGb5Xglm0=",
        "owner": "jarun",
        "repo": "nnn",
        "rev": "4a5bade051cb1ab5100f9c9bc416cdf6645ebd30",
        "type": "github"
      },
      "original": {
        "owner": "jarun",
        "repo": "nnn",
        "type": "github"
      }
    },
    "plug-kak": {
      "flake": false,
      "locked": {
        "lastModified": 1644854271,
        "narHash": "sha256-WK96PRnofyBnS6PH4xeJSNJdVdcApGZ//4GPBKvYATg=",
        "owner": "andreyorst",
        "repo": "plug.kak",
        "rev": "d2bde869b077988e1c1e6f05ab94a485366516f8",
        "type": "github"
      },
      "original": {
        "owner": "andreyorst",
        "repo": "plug.kak",
        "type": "github"
      }
    },
    "root": {
      "inputs": {
        "alacritty-theme": "alacritty-theme",
        "autopair-fish": "autopair-fish",
        "declarative-cachix": "declarative-cachix",
        "emacs-overlay": "emacs-overlay",
        "fish-docker-compose": "fish-docker-compose",
        "fish-ssh-agent": "fish-ssh-agent",
        "flake-compat": "flake-compat",
        "flake-utils": "flake-utils_2",
        "fzf-fish": "fzf-fish",
        "home-manager": "home-manager",
        "neovim-nightly-overlay": "neovim-nightly-overlay",
        "nixos-wsl": "nixos-wsl",
        "nixpkgs": "nixpkgs",
        "nixpkgs-wayland": "nixpkgs-wayland",
        "nnn": "nnn",
        "plug-kak": "plug-kak",
        "vscode-server": "vscode-server",
        "wsl-open": "wsl-open"
      }
    },
    "utils": {
      "locked": {
        "lastModified": 1653893745,
        "narHash": "sha256-0jntwV3Z8//YwuOjzhV2sgJJPt+HY6KhU7VZUL0fKZQ=",
        "owner": "numtide",
        "repo": "flake-utils",
        "rev": "1ed9fb1935d260de5fe1c2f7ee0ebaae17ed2fa1",
        "type": "github"
      },
      "original": {
        "owner": "numtide",
        "repo": "flake-utils",
        "type": "github"
      }
    },
    "vscode-server": {
      "flake": false,
      "locked": {
        "lastModified": 1656601662,
        "narHash": "sha256-oWYGxfZekFiFtakJ08Ic2rv1B77zgaGOrbIzuon8wig=",
        "owner": "msteen",
        "repo": "nixos-vscode-server",
        "rev": "178c809a9dbd3f4df25ed7fbe23a52c35233502d",
        "type": "github"
      },
      "original": {
        "owner": "msteen",
        "repo": "nixos-vscode-server",
        "type": "github"
      }
    },
    "wsl-open": {
      "flake": false,
      "locked": {
        "lastModified": 1627967948,
        "narHash": "sha256-+w8ZGa8C7jlBK6fWKaKqPlGqYLR8e6L6l9YdtZVf5R8=",
        "owner": "4U6U57",
        "repo": "wsl-open",
        "rev": "8de2d1d0bda9b5358e10900cfc70822aeee51dc3",
        "type": "gitlab"
      },
      "original": {
        "owner": "4U6U57",
        "repo": "wsl-open",
        "type": "gitlab"
      }
    }
  },
  "root": "root",
  "version": 7
}
