{
  "nodes": {
    "alacritty-theme": {
      "flake": false,
      "locked": {
        "lastModified": 1626868105,
        "narHash": "sha256-8lKPm7IszjGRkEulIWMROugTDu6mZRIWtHmnq8qEeBo=",
        "owner": "eendroroy",
        "repo": "alacritty-theme",
        "rev": "a0be2bf199d0dcc8c8ef28ea7d2600851e360f7f",
        "type": "github"
      },
      "original": {
        "owner": "eendroroy",
        "repo": "alacritty-theme",
        "type": "github"
      }
    },
    "cachix": {
      "locked": {
        "lastModified": 1625876282,
        "narHash": "sha256-z/Gv+11Uzdv3HcQCY+xGi1+iuc3rmCaPzxxDSMnuRAI=",
        "owner": "nixos",
        "repo": "nixpkgs",
        "rev": "068984c00e0d4e54b6684d98f6ac47c92dcb642e",
        "type": "github"
      },
      "original": {
        "owner": "nixos",
        "ref": "nixos-20.09",
        "repo": "nixpkgs",
        "type": "github"
      }
    },
    "declarative-cachix": {
      "locked": {
        "lastModified": 1625560633,
        "narHash": "sha256-Uhg950dgJiytcaecOJ3KB2MWDOdtUEogVyon9m6J/3g=",
        "owner": "jonascarpay",
        "repo": "declarative-cachix",
        "rev": "1986455ab3e55804458bf6e7d2a5f5b8a68defce",
        "type": "github"
      },
      "original": {
        "owner": "jonascarpay",
        "repo": "declarative-cachix",
        "type": "github"
      }
    },
    "emacs-overlay": {
      "locked": {
        "lastModified": 1629078857,
        "narHash": "sha256-41dgUwB2FdFbR9M8gwCES+MWsbcDzGG6YdHlMsXMvGs=",
        "owner": "nix-community",
        "repo": "emacs-overlay",
        "rev": "c252073b4e9b5f62a9ba6e7bec3551bea2e26a32",
        "type": "github"
      },
      "original": {
        "owner": "nix-community",
        "repo": "emacs-overlay",
        "type": "github"
      }
    },
    "flake-compat": {
      "flake": false,
      "locked": {
        "lastModified": 1627913399,
        "narHash": "sha256-hY8g6H2KFL8ownSiFeMOjwPC8P0ueXpCVEbxgda3pko=",
        "owner": "edolstra",
        "repo": "flake-compat",
        "rev": "12c64ca55c1014cdc1b16ed5a804aa8576601ff2",
        "type": "github"
      },
      "original": {
        "owner": "edolstra",
        "repo": "flake-compat",
        "type": "github"
      }
    },
    "flake-compat_2": {
      "flake": false,
      "locked": {
        "lastModified": 1627913399,
        "narHash": "sha256-hY8g6H2KFL8ownSiFeMOjwPC8P0ueXpCVEbxgda3pko=",
        "owner": "edolstra",
        "repo": "flake-compat",
        "rev": "12c64ca55c1014cdc1b16ed5a804aa8576601ff2",
        "type": "github"
      },
      "original": {
        "owner": "edolstra",
        "repo": "flake-compat",
        "type": "github"
      }
    },
    "flake-utils": {
      "locked": {
        "lastModified": 1623875721,
        "narHash": "sha256-A8BU7bjS5GirpAUv4QA+QnJ4CceLHkcXdRp4xITDB0s=",
        "owner": "numtide",
        "repo": "flake-utils",
        "rev": "f7e004a55b120c02ecb6219596820fcd32ca8772",
        "type": "github"
      },
      "original": {
        "owner": "numtide",
        "repo": "flake-utils",
        "type": "github"
      }
    },
    "flake-utils_2": {
      "locked": {
        "lastModified": 1623875721,
        "narHash": "sha256-A8BU7bjS5GirpAUv4QA+QnJ4CceLHkcXdRp4xITDB0s=",
        "owner": "numtide",
        "repo": "flake-utils",
        "rev": "f7e004a55b120c02ecb6219596820fcd32ca8772",
        "type": "github"
      },
      "original": {
        "owner": "numtide",
        "repo": "flake-utils",
        "type": "github"
      }
    },
    "home-manager": {
      "inputs": {
        "nixpkgs": [
          "nixpkgs"
        ]
      },
      "locked": {
        "lastModified": 1628946811,
        "narHash": "sha256-u/A1RzWyP88zbMwVFJ41BAkh9BTLbSLfCigrGAgyZKQ=",
        "owner": "nix-community",
        "repo": "home-manager",
        "rev": "72f3bc6fa461a2899a06c87c137c7135e410e387",
        "type": "github"
      },
      "original": {
        "owner": "nix-community",
        "repo": "home-manager",
        "type": "github"
      }
    },
    "neovim-flake": {
      "inputs": {
        "flake-utils": "flake-utils_2",
        "nixpkgs": [
          "nixpkgs"
        ]
      },
      "locked": {
        "dir": "contrib",
        "lastModified": 1628990638,
        "narHash": "sha256-Wd8Ye1wvdTOhuqyLuyWKzwH31M2ycNzSHSItAHm37pA=",
        "owner": "neovim",
        "repo": "neovim",
        "rev": "d805eb3e0550ddbbcb7a59120ad93cd1bfad12f7",
        "type": "github"
      },
      "original": {
        "dir": "contrib",
        "owner": "neovim",
        "repo": "neovim",
        "type": "github"
      }
    },
    "neovim-nightly-overlay": {
      "inputs": {
        "flake-compat": "flake-compat_2",
        "neovim-flake": "neovim-flake",
        "nixpkgs": "nixpkgs"
      },
      "locked": {
        "lastModified": 1629015110,
        "narHash": "sha256-t3n30R73RoUdoKbe14OYjWMhNWAGjS1XS3i7QtVEyKQ=",
        "owner": "nix-community",
        "repo": "neovim-nightly-overlay",
        "rev": "74403e09330ccda0b2f093ce7f06df1bcb42f1d3",
        "type": "github"
      },
      "original": {
        "owner": "nix-community",
        "repo": "neovim-nightly-overlay",
        "type": "github"
      }
    },
    "nixpkgs": {
      "locked": {
        "lastModified": 1628779307,
        "narHash": "sha256-ErivbgE5SGvNdFpq+Q50lw1JGGmvxBR/d71aW41S+1A=",
        "owner": "nixos",
        "repo": "nixpkgs",
        "rev": "4138cbd913fad85073e59007710e3f083d0eb7c6",
        "type": "github"
      },
      "original": {
        "owner": "nixos",
        "ref": "nixos-unstable",
        "repo": "nixpkgs",
        "type": "github"
      }
    },
    "nixpkgs-wayland": {
      "inputs": {
        "cachix": "cachix",
        "nixpkgs": "nixpkgs_3"
      },
      "locked": {
        "lastModified": 1629063294,
        "narHash": "sha256-UA6fhR2FXTr/G3YMQITW2silBZd/nQHUOplYW0bAZjI=",
        "owner": "nix-community",
        "repo": "nixpkgs-wayland",
        "rev": "f84ac0bf7868d2160141e3ab54cbf47c6a01a903",
        "type": "github"
      },
      "original": {
        "owner": "nix-community",
        "repo": "nixpkgs-wayland",
        "type": "github"
      }
    },
    "nixpkgs_2": {
      "locked": {
        "lastModified": 1628869426,
        "narHash": "sha256-7OetQdzAnml3+0b3pmr+reBKs9jn54IvVxbsncWzBn0=",
        "owner": "nixos",
        "repo": "nixpkgs",
        "rev": "6fc5211eddddc02c50ca7f98d6cc377726417fa9",
        "type": "github"
      },
      "original": {
        "owner": "nixos",
        "ref": "nixos-unstable",
        "repo": "nixpkgs",
        "type": "github"
      }
    },
    "nixpkgs_3": {
      "locked": {
        "lastModified": 1628869426,
        "narHash": "sha256-7OetQdzAnml3+0b3pmr+reBKs9jn54IvVxbsncWzBn0=",
        "owner": "nixos",
        "repo": "nixpkgs",
        "rev": "6fc5211eddddc02c50ca7f98d6cc377726417fa9",
        "type": "github"
      },
      "original": {
        "owner": "nixos",
        "ref": "nixos-unstable",
        "repo": "nixpkgs",
        "type": "github"
      }
    },
    "plug-kak": {
      "flake": false,
      "locked": {
        "lastModified": 1628408585,
        "narHash": "sha256-ETloqFT2AfuYAzwvF+F4q/uOV862dSW5vBAJVRImymk=",
        "owner": "andreyorst",
        "repo": "plug.kak",
        "rev": "4dbd57476838deb25e7700dd80b17c73095c13a4",
        "type": "github"
      },
      "original": {
        "owner": "andreyorst",
        "repo": "plug.kak",
        "type": "github"
      }
    },
    "root": {
      "inputs": {
        "alacritty-theme": "alacritty-theme",
        "declarative-cachix": "declarative-cachix",
        "emacs-overlay": "emacs-overlay",
        "flake-compat": "flake-compat",
        "flake-utils": "flake-utils",
        "home-manager": "home-manager",
        "neovim-nightly-overlay": "neovim-nightly-overlay",
        "nixpkgs": "nixpkgs_2",
        "nixpkgs-wayland": "nixpkgs-wayland",
        "plug-kak": "plug-kak",
        "wsl-open": "wsl-open"
      }
    },
    "wsl-open": {
      "flake": false,
      "locked": {
        "lastModified": 1627967948,
        "narHash": "sha256-+w8ZGa8C7jlBK6fWKaKqPlGqYLR8e6L6l9YdtZVf5R8=",
        "owner": "4U6U57",
        "repo": "wsl-open",
        "rev": "8de2d1d0bda9b5358e10900cfc70822aeee51dc3",
        "type": "gitlab"
      },
      "original": {
        "owner": "4U6U57",
        "repo": "wsl-open",
        "type": "gitlab"
      }
    }
  },
  "root": "root",
  "version": 7
}
